// !$*UTF8*$!
{
	archiveVersion = 1;
	classes = {
	};
	objectVersion = 46;
	objects = {
/* Begin PBXBuildFile section */
		00E356F31AD99517003FC87E /* PlaceAVoteAppTests.m in Sources */ = {isa = PBXBuildFile; fileRef = 00E356F21AD99517003FC87E /* PlaceAVoteAppTests.m */; };
		0EFE5354DB374C699C6937C6 /* Whitney-Book.ttf in Resources */ = {isa = PBXBuildFile; fileRef = AFDBC4DF6CCE4C7A8A8E0E58 /* Whitney-Book.ttf */; };
		13B07FBC1A68108700A75B9A /* AppDelegate.m in Sources */ = {isa = PBXBuildFile; fileRef = 13B07FB01A68108700A75B9A /* AppDelegate.m */; };
		13B07FBD1A68108700A75B9A /* LaunchScreen.xib in Resources */ = {isa = PBXBuildFile; fileRef = 13B07FB11A68108700A75B9A /* LaunchScreen.xib */; };
		13B07FBF1A68108700A75B9A /* Images.xcassets in Resources */ = {isa = PBXBuildFile; fileRef = 13B07FB51A68108700A75B9A /* Images.xcassets */; };
		13B07FC11A68108700A75B9A /* main.m in Sources */ = {isa = PBXBuildFile; fileRef = 13B07FB71A68108700A75B9A /* main.m */; };
		274B2CC964F4194FF34E2436 /* libPods-PlaceAVoteApp.a in Frameworks */ = {isa = PBXBuildFile; fileRef = 1DE050A7514319F716ADCC11 /* libPods-PlaceAVoteApp.a */; };
		2B2F065636FC45318509CCBC /* Whitney-Bold.ttf in Resources */ = {isa = PBXBuildFile; fileRef = 837DBCB16FC24399BA117467 /* Whitney-Bold.ttf */; };
		398BFEDFA7D24CFE99A748DC /* Whitney-BookItal.ttf in Resources */ = {isa = PBXBuildFile; fileRef = 4BB58C01241540F9AC88D107 /* Whitney-BookItal.ttf */; };
		4410B19F7E07466A97A8C423 /* Whitney-SemiboldItal.ttf in Resources */ = {isa = PBXBuildFile; fileRef = 41C6856641AB484C98656C97 /* Whitney-SemiboldItal.ttf */; };
		4783DF980E3A4804BB79F441 /* Whitney-Medium.ttf in Resources */ = {isa = PBXBuildFile; fileRef = 7F7D13D7B7B142DC91DC39A6 /* Whitney-Medium.ttf */; };
		4D8A90010A2F4F1AADB27B6A /* libRCTFBSDK.a in Frameworks */ = {isa = PBXBuildFile; fileRef = 80666E79A6C24893B6377B43 /* libRCTFBSDK.a */; };
		58B60B52220F40AC941BADE9 /* Whitney-LightItal.ttf in Resources */ = {isa = PBXBuildFile; fileRef = C2092E96D42C4CA2BE16B660 /* Whitney-LightItal.ttf */; };
		7AD1EE6755DD4786A9CE5D0A /* Whitney-BoldItal.ttf in Resources */ = {isa = PBXBuildFile; fileRef = B11E762205954F0F8415E009 /* Whitney-BoldItal.ttf */; };
		80774D105F58437EA234DD80 /* icomoon.ttf in Resources */ = {isa = PBXBuildFile; fileRef = 1761B6FFA66244A3BCBC34B4 /* icomoon.ttf */; };
		898AC99C406749529CFA56E6 /* Whitney-MediumItal.ttf in Resources */ = {isa = PBXBuildFile; fileRef = 5707A8B68CC147A88E7BEEC5 /* Whitney-MediumItal.ttf */; };
		BD16EBC1330D4C75A3EA702B /* Whitney-Semibold.ttf in Resources */ = {isa = PBXBuildFile; fileRef = CBB78AB1021F4C758A1ACCC1 /* Whitney-Semibold.ttf */; };
		CE3A40110E7C140B01FFE4BD /* libPods-PlaceAVoteAppTests.a in Frameworks */ = {isa = PBXBuildFile; fileRef = 85C6BFEC07C8426A1877D959 /* libPods-PlaceAVoteAppTests.a */; };
		D33DD0001CF6127900FA3F00 /* FBSDKCoreKit.framework in Frameworks */ = {isa = PBXBuildFile; fileRef = D33DCFFD1CF6127900FA3F00 /* FBSDKCoreKit.framework */; };
		D33DD0011CF6127900FA3F00 /* FBSDKLoginKit.framework in Frameworks */ = {isa = PBXBuildFile; fileRef = D33DCFFE1CF6127900FA3F00 /* FBSDKLoginKit.framework */; };
		D33DD0021CF6127900FA3F00 /* FBSDKShareKit.framework in Frameworks */ = {isa = PBXBuildFile; fileRef = D33DCFFF1CF6127900FA3F00 /* FBSDKShareKit.framework */; };
		D3D5D22E1CF75F0B00BFF8DB /* Orientation.m in Sources */ = {isa = PBXBuildFile; fileRef = D3D5D22D1CF75F0B00BFF8DB /* Orientation.m */; };
		ED5CA23BFDB6419A8E6ED64C /* Whitney-Light.ttf in Resources */ = {isa = PBXBuildFile; fileRef = 16A6D96B78CE48759E73063A /* Whitney-Light.ttf */; };
		78EF2AEFC2314842B901737E /* Entypo.ttf in Resources */ = {isa = PBXBuildFile; fileRef = A9F6C23BBBCD4CFBA2B3CB84 /* Entypo.ttf */; };
		6052227AB8EF4103A1F6F7DE /* EvilIcons.ttf in Resources */ = {isa = PBXBuildFile; fileRef = 6398F22592E544378272D838 /* EvilIcons.ttf */; };
		9ED7378C9F454A7186BC2A20 /* FontAwesome.ttf in Resources */ = {isa = PBXBuildFile; fileRef = A3383DDD734E4D24AB158FA3 /* FontAwesome.ttf */; };
		270A2E5476DA405FAAE05E18 /* MaterialIcons.ttf in Resources */ = {isa = PBXBuildFile; fileRef = 9196B531BE1C4E41AB17CC42 /* MaterialIcons.ttf */; };
/* End PBXBuildFile section */

/* Begin PBXContainerItemProxy section */
		00E356F41AD99517003FC87E /* PBXContainerItemProxy */ = {
			isa = PBXContainerItemProxy;
			containerPortal = 83CBB9F71A601CBA00E9B192 /* Project object */;
			proxyType = 1;
			remoteGlobalIDString = 13B07F861A680F5B00A75B9A;
			remoteInfo = PlaceAVoteApp;
		};
		D33DCFFB1CF6125B00FA3F00 /* PBXContainerItemProxy */ = {
			isa = PBXContainerItemProxy;
			containerPortal = 3FCA39339D3E4A0CB767D89F /* RCTFBSDK.xcodeproj */;
			proxyType = 2;
			remoteGlobalIDString = 9350E0F11CE3B0920041D815;
			remoteInfo = RCTFBSDK;
		};
/* End PBXContainerItemProxy section */

/* Begin PBXFileReference section */
		008F07F21AC5B25A0029DE68 /* main.jsbundle */ = {isa = PBXFileReference; fileEncoding = 4; lastKnownFileType = text; path = main.jsbundle; sourceTree = "<group>"; };
		00E356EE1AD99517003FC87E /* PlaceAVoteAppTests.xctest */ = {isa = PBXFileReference; explicitFileType = wrapper.cfbundle; includeInIndex = 0; path = PlaceAVoteAppTests.xctest; sourceTree = BUILT_PRODUCTS_DIR; };
		00E356F11AD99517003FC87E /* Info.plist */ = {isa = PBXFileReference; lastKnownFileType = text.plist.xml; path = Info.plist; sourceTree = "<group>"; };
		00E356F21AD99517003FC87E /* PlaceAVoteAppTests.m */ = {isa = PBXFileReference; lastKnownFileType = sourcecode.c.objc; path = PlaceAVoteAppTests.m; sourceTree = "<group>"; };
		13B07F961A680F5B00A75B9A /* PlaceAVoteApp.app */ = {isa = PBXFileReference; explicitFileType = wrapper.application; includeInIndex = 0; path = PlaceAVoteApp.app; sourceTree = BUILT_PRODUCTS_DIR; };
		13B07FAF1A68108700A75B9A /* AppDelegate.h */ = {isa = PBXFileReference; fileEncoding = 4; lastKnownFileType = sourcecode.c.h; name = AppDelegate.h; path = PlaceAVoteApp/AppDelegate.h; sourceTree = "<group>"; };
		13B07FB01A68108700A75B9A /* AppDelegate.m */ = {isa = PBXFileReference; fileEncoding = 4; lastKnownFileType = sourcecode.c.objc; name = AppDelegate.m; path = PlaceAVoteApp/AppDelegate.m; sourceTree = "<group>"; };
		13B07FB21A68108700A75B9A /* Base */ = {isa = PBXFileReference; lastKnownFileType = file.xib; name = Base; path = Base.lproj/LaunchScreen.xib; sourceTree = "<group>"; };
		13B07FB51A68108700A75B9A /* Images.xcassets */ = {isa = PBXFileReference; lastKnownFileType = folder.assetcatalog; name = Images.xcassets; path = PlaceAVoteApp/Images.xcassets; sourceTree = "<group>"; };
		13B07FB61A68108700A75B9A /* Info.plist */ = {isa = PBXFileReference; fileEncoding = 4; lastKnownFileType = text.plist.xml; name = Info.plist; path = PlaceAVoteApp/Info.plist; sourceTree = "<group>"; };
		13B07FB71A68108700A75B9A /* main.m */ = {isa = PBXFileReference; fileEncoding = 4; lastKnownFileType = sourcecode.c.objc; name = main.m; path = PlaceAVoteApp/main.m; sourceTree = "<group>"; };
		16A6D96B78CE48759E73063A /* Whitney-Light.ttf */ = {isa = PBXFileReference; explicitFileType = undefined; fileEncoding = 9; includeInIndex = 0; lastKnownFileType = unknown; name = "Whitney-Light.ttf"; path = "../assets/fonts/Whitney-Light.ttf"; sourceTree = "<group>"; };
		1761B6FFA66244A3BCBC34B4 /* icomoon.ttf */ = {isa = PBXFileReference; explicitFileType = undefined; fileEncoding = 9; includeInIndex = 0; lastKnownFileType = unknown; name = icomoon.ttf; path = ../assets/fonts/icomoon.ttf; sourceTree = "<group>"; };
		1DE050A7514319F716ADCC11 /* libPods-PlaceAVoteApp.a */ = {isa = PBXFileReference; explicitFileType = archive.ar; includeInIndex = 0; path = "libPods-PlaceAVoteApp.a"; sourceTree = BUILT_PRODUCTS_DIR; };
		315FD137F022C086FDED64A2 /* Pods-PlaceAVoteAppTests.release.xcconfig */ = {isa = PBXFileReference; includeInIndex = 1; lastKnownFileType = text.xcconfig; name = "Pods-PlaceAVoteAppTests.release.xcconfig"; path = "Pods/Target Support Files/Pods-PlaceAVoteAppTests/Pods-PlaceAVoteAppTests.release.xcconfig"; sourceTree = "<group>"; };
		3B3926FE82EFF974BD3DAFC1 /* Pods-PlaceAVoteAppTests.debug.xcconfig */ = {isa = PBXFileReference; includeInIndex = 1; lastKnownFileType = text.xcconfig; name = "Pods-PlaceAVoteAppTests.debug.xcconfig"; path = "Pods/Target Support Files/Pods-PlaceAVoteAppTests/Pods-PlaceAVoteAppTests.debug.xcconfig"; sourceTree = "<group>"; };
		3FCA39339D3E4A0CB767D89F /* RCTFBSDK.xcodeproj */ = {isa = PBXFileReference; explicitFileType = undefined; fileEncoding = 9; includeInIndex = 0; lastKnownFileType = "wrapper.pb-project"; name = RCTFBSDK.xcodeproj; path = "../node_modules/react-native-fbsdk/iOS/RCTFBSDK.xcodeproj"; sourceTree = "<group>"; };
		41C6856641AB484C98656C97 /* Whitney-SemiboldItal.ttf */ = {isa = PBXFileReference; explicitFileType = undefined; fileEncoding = 9; includeInIndex = 0; lastKnownFileType = unknown; name = "Whitney-SemiboldItal.ttf"; path = "../assets/fonts/Whitney-SemiboldItal.ttf"; sourceTree = "<group>"; };
		4BB58C01241540F9AC88D107 /* Whitney-BookItal.ttf */ = {isa = PBXFileReference; explicitFileType = undefined; fileEncoding = 9; includeInIndex = 0; lastKnownFileType = unknown; name = "Whitney-BookItal.ttf"; path = "../assets/fonts/Whitney-BookItal.ttf"; sourceTree = "<group>"; };
		5707A8B68CC147A88E7BEEC5 /* Whitney-MediumItal.ttf */ = {isa = PBXFileReference; explicitFileType = undefined; fileEncoding = 9; includeInIndex = 0; lastKnownFileType = unknown; name = "Whitney-MediumItal.ttf"; path = "../assets/fonts/Whitney-MediumItal.ttf"; sourceTree = "<group>"; };
		7F7D13D7B7B142DC91DC39A6 /* Whitney-Medium.ttf */ = {isa = PBXFileReference; explicitFileType = undefined; fileEncoding = 9; includeInIndex = 0; lastKnownFileType = unknown; name = "Whitney-Medium.ttf"; path = "../assets/fonts/Whitney-Medium.ttf"; sourceTree = "<group>"; };
		80666E79A6C24893B6377B43 /* libRCTFBSDK.a */ = {isa = PBXFileReference; explicitFileType = undefined; fileEncoding = 9; includeInIndex = 0; lastKnownFileType = archive.ar; path = libRCTFBSDK.a; sourceTree = "<group>"; };
		837DBCB16FC24399BA117467 /* Whitney-Bold.ttf */ = {isa = PBXFileReference; explicitFileType = undefined; fileEncoding = 9; includeInIndex = 0; lastKnownFileType = unknown; name = "Whitney-Bold.ttf"; path = "../assets/fonts/Whitney-Bold.ttf"; sourceTree = "<group>"; };
		85C6BFEC07C8426A1877D959 /* libPods-PlaceAVoteAppTests.a */ = {isa = PBXFileReference; explicitFileType = archive.ar; includeInIndex = 0; path = "libPods-PlaceAVoteAppTests.a"; sourceTree = BUILT_PRODUCTS_DIR; };
		AFDBC4DF6CCE4C7A8A8E0E58 /* Whitney-Book.ttf */ = {isa = PBXFileReference; explicitFileType = undefined; fileEncoding = 9; includeInIndex = 0; lastKnownFileType = unknown; name = "Whitney-Book.ttf"; path = "../assets/fonts/Whitney-Book.ttf"; sourceTree = "<group>"; };
		B11E762205954F0F8415E009 /* Whitney-BoldItal.ttf */ = {isa = PBXFileReference; explicitFileType = undefined; fileEncoding = 9; includeInIndex = 0; lastKnownFileType = unknown; name = "Whitney-BoldItal.ttf"; path = "../assets/fonts/Whitney-BoldItal.ttf"; sourceTree = "<group>"; };
		B9FECE67225A24EA89C2EAAA /* Pods-PlaceAVoteApp.debug.xcconfig */ = {isa = PBXFileReference; includeInIndex = 1; lastKnownFileType = text.xcconfig; name = "Pods-PlaceAVoteApp.debug.xcconfig"; path = "Pods/Target Support Files/Pods-PlaceAVoteApp/Pods-PlaceAVoteApp.debug.xcconfig"; sourceTree = "<group>"; };
		C2092E96D42C4CA2BE16B660 /* Whitney-LightItal.ttf */ = {isa = PBXFileReference; explicitFileType = undefined; fileEncoding = 9; includeInIndex = 0; lastKnownFileType = unknown; name = "Whitney-LightItal.ttf"; path = "../assets/fonts/Whitney-LightItal.ttf"; sourceTree = "<group>"; };
		C54694974337F2BEE8E9A2D6 /* Pods-PlaceAVoteApp.release.xcconfig */ = {isa = PBXFileReference; includeInIndex = 1; lastKnownFileType = text.xcconfig; name = "Pods-PlaceAVoteApp.release.xcconfig"; path = "Pods/Target Support Files/Pods-PlaceAVoteApp/Pods-PlaceAVoteApp.release.xcconfig"; sourceTree = "<group>"; };
		CBB78AB1021F4C758A1ACCC1 /* Whitney-Semibold.ttf */ = {isa = PBXFileReference; explicitFileType = undefined; fileEncoding = 9; includeInIndex = 0; lastKnownFileType = unknown; name = "Whitney-Semibold.ttf"; path = "../assets/fonts/Whitney-Semibold.ttf"; sourceTree = "<group>"; };
		D33DCFFD1CF6127900FA3F00 /* FBSDKCoreKit.framework */ = {isa = PBXFileReference; lastKnownFileType = wrapper.framework; path = FBSDKCoreKit.framework; sourceTree = "<group>"; };
		D33DCFFE1CF6127900FA3F00 /* FBSDKLoginKit.framework */ = {isa = PBXFileReference; lastKnownFileType = wrapper.framework; path = FBSDKLoginKit.framework; sourceTree = "<group>"; };
		D33DCFFF1CF6127900FA3F00 /* FBSDKShareKit.framework */ = {isa = PBXFileReference; lastKnownFileType = wrapper.framework; path = FBSDKShareKit.framework; sourceTree = "<group>"; };
		D3D5D22C1CF75F0B00BFF8DB /* Orientation.h */ = {isa = PBXFileReference; fileEncoding = 4; lastKnownFileType = sourcecode.c.h; path = Orientation.h; sourceTree = "<group>"; };
		D3D5D22D1CF75F0B00BFF8DB /* Orientation.m */ = {isa = PBXFileReference; fileEncoding = 4; lastKnownFileType = sourcecode.c.objc; path = Orientation.m; sourceTree = "<group>"; };
		A9F6C23BBBCD4CFBA2B3CB84 /* Entypo.ttf */ = {isa = PBXFileReference; name = "Entypo.ttf"; path = "../assets/fonts/Entypo.ttf"; sourceTree = "<group>"; fileEncoding = undefined; lastKnownFileType = unknown; explicitFileType = undefined; includeInIndex = 0; };
		6398F22592E544378272D838 /* EvilIcons.ttf */ = {isa = PBXFileReference; name = "EvilIcons.ttf"; path = "../assets/fonts/EvilIcons.ttf"; sourceTree = "<group>"; fileEncoding = undefined; lastKnownFileType = unknown; explicitFileType = undefined; includeInIndex = 0; };
		A3383DDD734E4D24AB158FA3 /* FontAwesome.ttf */ = {isa = PBXFileReference; name = "FontAwesome.ttf"; path = "../assets/fonts/FontAwesome.ttf"; sourceTree = "<group>"; fileEncoding = undefined; lastKnownFileType = unknown; explicitFileType = undefined; includeInIndex = 0; };
		9196B531BE1C4E41AB17CC42 /* MaterialIcons.ttf */ = {isa = PBXFileReference; name = "MaterialIcons.ttf"; path = "../assets/fonts/MaterialIcons.ttf"; sourceTree = "<group>"; fileEncoding = undefined; lastKnownFileType = unknown; explicitFileType = undefined; includeInIndex = 0; };
/* End PBXFileReference section */

/* Begin PBXFrameworksBuildPhase section */
		00E356EB1AD99517003FC87E /* Frameworks */ = {
			isa = PBXFrameworksBuildPhase;
			buildActionMask = 2147483647;
			files = (
				CE3A40110E7C140B01FFE4BD /* libPods-PlaceAVoteAppTests.a in Frameworks */,
			);
			runOnlyForDeploymentPostprocessing = 0;
		};
		13B07F8C1A680F5B00A75B9A /* Frameworks */ = {
			isa = PBXFrameworksBuildPhase;
			buildActionMask = 2147483647;
			files = (
				274B2CC964F4194FF34E2436 /* libPods-PlaceAVoteApp.a in Frameworks */,
				D33DD0001CF6127900FA3F00 /* FBSDKCoreKit.framework in Frameworks */,
				D33DD0021CF6127900FA3F00 /* FBSDKShareKit.framework in Frameworks */,
				D33DD0011CF6127900FA3F00 /* FBSDKLoginKit.framework in Frameworks */,
				4D8A90010A2F4F1AADB27B6A /* libRCTFBSDK.a in Frameworks */,
			);
			runOnlyForDeploymentPostprocessing = 0;
		};
/* End PBXFrameworksBuildPhase section */

/* Begin PBXGroup section */
		00E356EF1AD99517003FC87E /* PlaceAVoteAppTests */ = {
			isa = PBXGroup;
			children = (
				00E356F21AD99517003FC87E /* PlaceAVoteAppTests.m */,
				00E356F01AD99517003FC87E /* Supporting Files */,
			);
			path = PlaceAVoteAppTests;
			sourceTree = "<group>";
		};
		00E356F01AD99517003FC87E /* Supporting Files */ = {
			isa = PBXGroup;
			children = (
				00E356F11AD99517003FC87E /* Info.plist */,
			);
			name = "Supporting Files";
			sourceTree = "<group>";
		};
		13B07FAE1A68108700A75B9A /* PlaceAVoteApp */ = {
			isa = PBXGroup;
			children = (
				D3D5D22B1CF75F0B00BFF8DB /* RCTOrientation */,
				008F07F21AC5B25A0029DE68 /* main.jsbundle */,
				13B07FAF1A68108700A75B9A /* AppDelegate.h */,
				13B07FB01A68108700A75B9A /* AppDelegate.m */,
				13B07FB51A68108700A75B9A /* Images.xcassets */,
				13B07FB61A68108700A75B9A /* Info.plist */,
				13B07FB11A68108700A75B9A /* LaunchScreen.xib */,
				13B07FB71A68108700A75B9A /* main.m */,
			);
			name = PlaceAVoteApp;
			sourceTree = "<group>";
		};
		6ED8F54885BAF49390B7A188 /* Pods */ = {
			isa = PBXGroup;
			children = (
				B9FECE67225A24EA89C2EAAA /* Pods-PlaceAVoteApp.debug.xcconfig */,
				C54694974337F2BEE8E9A2D6 /* Pods-PlaceAVoteApp.release.xcconfig */,
				3B3926FE82EFF974BD3DAFC1 /* Pods-PlaceAVoteAppTests.debug.xcconfig */,
				315FD137F022C086FDED64A2 /* Pods-PlaceAVoteAppTests.release.xcconfig */,
			);
			name = Pods;
			sourceTree = "<group>";
		};
		6F5DF7147DEC402CA323E1DA /* Resources */ = {
			isa = PBXGroup;
			children = (
				1761B6FFA66244A3BCBC34B4 /* icomoon.ttf */,
				837DBCB16FC24399BA117467 /* Whitney-Bold.ttf */,
				B11E762205954F0F8415E009 /* Whitney-BoldItal.ttf */,
				AFDBC4DF6CCE4C7A8A8E0E58 /* Whitney-Book.ttf */,
				4BB58C01241540F9AC88D107 /* Whitney-BookItal.ttf */,
				16A6D96B78CE48759E73063A /* Whitney-Light.ttf */,
				C2092E96D42C4CA2BE16B660 /* Whitney-LightItal.ttf */,
				7F7D13D7B7B142DC91DC39A6 /* Whitney-Medium.ttf */,
				5707A8B68CC147A88E7BEEC5 /* Whitney-MediumItal.ttf */,
				CBB78AB1021F4C758A1ACCC1 /* Whitney-Semibold.ttf */,
				41C6856641AB484C98656C97 /* Whitney-SemiboldItal.ttf */,
				A9F6C23BBBCD4CFBA2B3CB84 /* Entypo.ttf */,
				6398F22592E544378272D838 /* EvilIcons.ttf */,
				A3383DDD734E4D24AB158FA3 /* FontAwesome.ttf */,
				9196B531BE1C4E41AB17CC42 /* MaterialIcons.ttf */,
			);
			name = Resources;
			sourceTree = "<group>";
		};
		832341AE1AAA6A7D00B99B32 /* Libraries */ = {
			isa = PBXGroup;
			children = (
				3FCA39339D3E4A0CB767D89F /* RCTFBSDK.xcodeproj */,
			);
			name = Libraries;
			sourceTree = "<group>";
		};
		83CBB9F61A601CBA00E9B192 = {
			isa = PBXGroup;
			children = (
				13B07FAE1A68108700A75B9A /* PlaceAVoteApp */,
				832341AE1AAA6A7D00B99B32 /* Libraries */,
				00E356EF1AD99517003FC87E /* PlaceAVoteAppTests */,
				83CBBA001A601CBA00E9B192 /* Products */,
				6ED8F54885BAF49390B7A188 /* Pods */,
				98D662606E5C8144D03D8F98 /* Frameworks */,
				6F5DF7147DEC402CA323E1DA /* Resources */,
			);
			indentWidth = 2;
			sourceTree = "<group>";
			tabWidth = 2;
		};
		83CBBA001A601CBA00E9B192 /* Products */ = {
			isa = PBXGroup;
			children = (
				13B07F961A680F5B00A75B9A /* PlaceAVoteApp.app */,
				00E356EE1AD99517003FC87E /* PlaceAVoteAppTests.xctest */,
			);
			name = Products;
			sourceTree = "<group>";
		};
		98D662606E5C8144D03D8F98 /* Frameworks */ = {
			isa = PBXGroup;
			children = (
				D33DCFFD1CF6127900FA3F00 /* FBSDKCoreKit.framework */,
				D33DCFFE1CF6127900FA3F00 /* FBSDKLoginKit.framework */,
				D33DCFFF1CF6127900FA3F00 /* FBSDKShareKit.framework */,
				1DE050A7514319F716ADCC11 /* libPods-PlaceAVoteApp.a */,
				85C6BFEC07C8426A1877D959 /* libPods-PlaceAVoteAppTests.a */,
			);
			name = Frameworks;
			sourceTree = "<group>";
		};
		D33DCFF81CF6125B00FA3F00 /* Products */ = {
			isa = PBXGroup;
			children = (
				D33DCFFC1CF6125B00FA3F00 /* libRCTFBSDK.a */,
			);
			name = Products;
			sourceTree = "<group>";
		};
		D3D5D22B1CF75F0B00BFF8DB /* RCTOrientation */ = {
			isa = PBXGroup;
			children = (
				D3D5D22C1CF75F0B00BFF8DB /* Orientation.h */,
				D3D5D22D1CF75F0B00BFF8DB /* Orientation.m */,
			);
			path = RCTOrientation;
			sourceTree = "<group>";
		};
/* End PBXGroup section */

/* Begin PBXNativeTarget section */
		00E356ED1AD99517003FC87E /* PlaceAVoteAppTests */ = {
			isa = PBXNativeTarget;
			buildConfigurationList = 00E357021AD99517003FC87E /* Build configuration list for PBXNativeTarget "PlaceAVoteAppTests" */;
			buildPhases = (
				4A18FEB91781D305D3A96602 /* 📦 Check Pods Manifest.lock */,
				00E356EA1AD99517003FC87E /* Sources */,
				00E356EB1AD99517003FC87E /* Frameworks */,
				00E356EC1AD99517003FC87E /* Resources */,
				42B1EF7D2DC4FBD08AEEBD4F /* 📦 Embed Pods Frameworks */,
				A4A2A0A2F9D3F1A04C2C8870 /* 📦 Copy Pods Resources */,
			);
			buildRules = (
			);
			dependencies = (
				00E356F51AD99517003FC87E /* PBXTargetDependency */,
			);
			name = PlaceAVoteAppTests;
			productName = PlaceAVoteAppTests;
			productReference = 00E356EE1AD99517003FC87E /* PlaceAVoteAppTests.xctest */;
			productType = "com.apple.product-type.bundle.unit-test";
		};
		13B07F861A680F5B00A75B9A /* PlaceAVoteApp */ = {
			isa = PBXNativeTarget;
			buildConfigurationList = 13B07F931A680F5B00A75B9A /* Build configuration list for PBXNativeTarget "PlaceAVoteApp" */;
			buildPhases = (
				A80F8F18AE2A4A2EE58CDEFC /* 📦 Check Pods Manifest.lock */,
				13B07F871A680F5B00A75B9A /* Sources */,
				13B07F8C1A680F5B00A75B9A /* Frameworks */,
				13B07F8E1A680F5B00A75B9A /* Resources */,
				00DD1BFF1BD5951E006B06BC /* Bundle React Native code and images */,
				5D85B13F0B1E5A248D4A9318 /* 📦 Embed Pods Frameworks */,
				2ECCE38FDE68DC22DFB4E15F /* 📦 Copy Pods Resources */,
			);
			buildRules = (
			);
			dependencies = (
			);
			name = PlaceAVoteApp;
			productName = "Hello World";
			productReference = 13B07F961A680F5B00A75B9A /* PlaceAVoteApp.app */;
			productType = "com.apple.product-type.application";
		};
/* End PBXNativeTarget section */

/* Begin PBXProject section */
		83CBB9F71A601CBA00E9B192 /* Project object */ = {
			isa = PBXProject;
			attributes = {
				LastUpgradeCheck = 610;
				ORGANIZATIONNAME = Facebook;
				TargetAttributes = {
					00E356ED1AD99517003FC87E = {
						CreatedOnToolsVersion = 6.2;
						TestTargetID = 13B07F861A680F5B00A75B9A;
					};
				};
			};
			buildConfigurationList = 83CBB9FA1A601CBA00E9B192 /* Build configuration list for PBXProject "PlaceAVoteApp" */;
			compatibilityVersion = "Xcode 3.2";
			developmentRegion = English;
			hasScannedForEncodings = 0;
			knownRegions = (
				en,
				Base,
			);
			mainGroup = 83CBB9F61A601CBA00E9B192;
			productRefGroup = 83CBBA001A601CBA00E9B192 /* Products */;
			projectDirPath = "";
			projectReferences = (
				{
					ProductGroup = D33DCFF81CF6125B00FA3F00 /* Products */;
					ProjectRef = 3FCA39339D3E4A0CB767D89F /* RCTFBSDK.xcodeproj */;
				},
			);
			projectRoot = "";
			targets = (
				13B07F861A680F5B00A75B9A /* PlaceAVoteApp */,
				00E356ED1AD99517003FC87E /* PlaceAVoteAppTests */,
			);
		};
/* End PBXProject section */

/* Begin PBXReferenceProxy section */
		D33DCFFC1CF6125B00FA3F00 /* libRCTFBSDK.a */ = {
			isa = PBXReferenceProxy;
			fileType = archive.ar;
			path = libRCTFBSDK.a;
			remoteRef = D33DCFFB1CF6125B00FA3F00 /* PBXContainerItemProxy */;
			sourceTree = BUILT_PRODUCTS_DIR;
		};
/* End PBXReferenceProxy section */

/* Begin PBXResourcesBuildPhase section */
		00E356EC1AD99517003FC87E /* Resources */ = {
			isa = PBXResourcesBuildPhase;
			buildActionMask = 2147483647;
			files = (
			);
			runOnlyForDeploymentPostprocessing = 0;
		};
		13B07F8E1A680F5B00A75B9A /* Resources */ = {
			isa = PBXResourcesBuildPhase;
			buildActionMask = 2147483647;
			files = (
				13B07FBF1A68108700A75B9A /* Images.xcassets in Resources */,
				13B07FBD1A68108700A75B9A /* LaunchScreen.xib in Resources */,
				80774D105F58437EA234DD80 /* icomoon.ttf in Resources */,
				2B2F065636FC45318509CCBC /* Whitney-Bold.ttf in Resources */,
				7AD1EE6755DD4786A9CE5D0A /* Whitney-BoldItal.ttf in Resources */,
				0EFE5354DB374C699C6937C6 /* Whitney-Book.ttf in Resources */,
				398BFEDFA7D24CFE99A748DC /* Whitney-BookItal.ttf in Resources */,
				ED5CA23BFDB6419A8E6ED64C /* Whitney-Light.ttf in Resources */,
				58B60B52220F40AC941BADE9 /* Whitney-LightItal.ttf in Resources */,
				4783DF980E3A4804BB79F441 /* Whitney-Medium.ttf in Resources */,
				898AC99C406749529CFA56E6 /* Whitney-MediumItal.ttf in Resources */,
				BD16EBC1330D4C75A3EA702B /* Whitney-Semibold.ttf in Resources */,
				4410B19F7E07466A97A8C423 /* Whitney-SemiboldItal.ttf in Resources */,
				78EF2AEFC2314842B901737E /* Entypo.ttf in Resources */,
				6052227AB8EF4103A1F6F7DE /* EvilIcons.ttf in Resources */,
				9ED7378C9F454A7186BC2A20 /* FontAwesome.ttf in Resources */,
				270A2E5476DA405FAAE05E18 /* MaterialIcons.ttf in Resources */,
			);
			runOnlyForDeploymentPostprocessing = 0;
		};
/* End PBXResourcesBuildPhase section */

/* Begin PBXShellScriptBuildPhase section */
		00DD1BFF1BD5951E006B06BC /* Bundle React Native code and images */ = {
			isa = PBXShellScriptBuildPhase;
			buildActionMask = 2147483647;
			files = (
			);
			inputPaths = (
			);
			name = "Bundle React Native code and images";
			outputPaths = (
			);
			runOnlyForDeploymentPostprocessing = 0;
			shellPath = /bin/sh;
			shellScript = "export NODE_BINARY=node\n../node_modules/react-native/packager/react-native-xcode.sh";
		};
		2ECCE38FDE68DC22DFB4E15F /* 📦 Copy Pods Resources */ = {
			isa = PBXShellScriptBuildPhase;
			buildActionMask = 2147483647;
			files = (
			);
			inputPaths = (
			);
			name = "📦 Copy Pods Resources";
			outputPaths = (
			);
			runOnlyForDeploymentPostprocessing = 0;
			shellPath = /bin/sh;
			shellScript = "\"${SRCROOT}/Pods/Target Support Files/Pods-PlaceAVoteApp/Pods-PlaceAVoteApp-resources.sh\"\n";
			showEnvVarsInLog = 0;
		};
		42B1EF7D2DC4FBD08AEEBD4F /* 📦 Embed Pods Frameworks */ = {
			isa = PBXShellScriptBuildPhase;
			buildActionMask = 2147483647;
			files = (
			);
			inputPaths = (
			);
			name = "📦 Embed Pods Frameworks";
			outputPaths = (
			);
			runOnlyForDeploymentPostprocessing = 0;
			shellPath = /bin/sh;
			shellScript = "\"${SRCROOT}/Pods/Target Support Files/Pods-PlaceAVoteAppTests/Pods-PlaceAVoteAppTests-frameworks.sh\"\n";
			showEnvVarsInLog = 0;
		};
		4A18FEB91781D305D3A96602 /* 📦 Check Pods Manifest.lock */ = {
			isa = PBXShellScriptBuildPhase;
			buildActionMask = 2147483647;
			files = (
			);
			inputPaths = (
			);
			name = "📦 Check Pods Manifest.lock";
			outputPaths = (
			);
			runOnlyForDeploymentPostprocessing = 0;
			shellPath = /bin/sh;
			shellScript = "diff \"${PODS_ROOT}/../Podfile.lock\" \"${PODS_ROOT}/Manifest.lock\" > /dev/null\nif [[ $? != 0 ]] ; then\n    cat << EOM\nerror: The sandbox is not in sync with the Podfile.lock. Run 'pod install' or update your CocoaPods installation.\nEOM\n    exit 1\nfi\n";
			showEnvVarsInLog = 0;
		};
		5D85B13F0B1E5A248D4A9318 /* 📦 Embed Pods Frameworks */ = {
			isa = PBXShellScriptBuildPhase;
			buildActionMask = 2147483647;
			files = (
			);
			inputPaths = (
			);
			name = "📦 Embed Pods Frameworks";
			outputPaths = (
			);
			runOnlyForDeploymentPostprocessing = 0;
			shellPath = /bin/sh;
			shellScript = "\"${SRCROOT}/Pods/Target Support Files/Pods-PlaceAVoteApp/Pods-PlaceAVoteApp-frameworks.sh\"\n";
			showEnvVarsInLog = 0;
		};
		A4A2A0A2F9D3F1A04C2C8870 /* 📦 Copy Pods Resources */ = {
			isa = PBXShellScriptBuildPhase;
			buildActionMask = 2147483647;
			files = (
			);
			inputPaths = (
			);
			name = "📦 Copy Pods Resources";
			outputPaths = (
			);
			runOnlyForDeploymentPostprocessing = 0;
			shellPath = /bin/sh;
			shellScript = "\"${SRCROOT}/Pods/Target Support Files/Pods-PlaceAVoteAppTests/Pods-PlaceAVoteAppTests-resources.sh\"\n";
			showEnvVarsInLog = 0;
		};
		A80F8F18AE2A4A2EE58CDEFC /* 📦 Check Pods Manifest.lock */ = {
			isa = PBXShellScriptBuildPhase;
			buildActionMask = 2147483647;
			files = (
			);
			inputPaths = (
			);
			name = "📦 Check Pods Manifest.lock";
			outputPaths = (
			);
			runOnlyForDeploymentPostprocessing = 0;
			shellPath = /bin/sh;
			shellScript = "diff \"${PODS_ROOT}/../Podfile.lock\" \"${PODS_ROOT}/Manifest.lock\" > /dev/null\nif [[ $? != 0 ]] ; then\n    cat << EOM\nerror: The sandbox is not in sync with the Podfile.lock. Run 'pod install' or update your CocoaPods installation.\nEOM\n    exit 1\nfi\n";
			showEnvVarsInLog = 0;
		};
/* End PBXShellScriptBuildPhase section */

/* Begin PBXSourcesBuildPhase section */
		00E356EA1AD99517003FC87E /* Sources */ = {
			isa = PBXSourcesBuildPhase;
			buildActionMask = 2147483647;
			files = (
				00E356F31AD99517003FC87E /* PlaceAVoteAppTests.m in Sources */,
			);
			runOnlyForDeploymentPostprocessing = 0;
		};
		13B07F871A680F5B00A75B9A /* Sources */ = {
			isa = PBXSourcesBuildPhase;
			buildActionMask = 2147483647;
			files = (
				13B07FBC1A68108700A75B9A /* AppDelegate.m in Sources */,
				13B07FC11A68108700A75B9A /* main.m in Sources */,
				D3D5D22E1CF75F0B00BFF8DB /* Orientation.m in Sources */,
			);
			runOnlyForDeploymentPostprocessing = 0;
		};
/* End PBXSourcesBuildPhase section */

/* Begin PBXTargetDependency section */
		00E356F51AD99517003FC87E /* PBXTargetDependency */ = {
			isa = PBXTargetDependency;
			target = 13B07F861A680F5B00A75B9A /* PlaceAVoteApp */;
			targetProxy = 00E356F41AD99517003FC87E /* PBXContainerItemProxy */;
		};
/* End PBXTargetDependency section */

/* Begin PBXVariantGroup section */
		13B07FB11A68108700A75B9A /* LaunchScreen.xib */ = {
			isa = PBXVariantGroup;
			children = (
				13B07FB21A68108700A75B9A /* Base */,
			);
			name = LaunchScreen.xib;
			path = PlaceAVoteApp;
			sourceTree = "<group>";
		};
/* End PBXVariantGroup section */

/* Begin XCBuildConfiguration section */
		00E356F61AD99517003FC87E /* Debug */ = {
			isa = XCBuildConfiguration;
			baseConfigurationReference = 3B3926FE82EFF974BD3DAFC1 /* Pods-PlaceAVoteAppTests.debug.xcconfig */;
			buildSettings = {
				BUNDLE_LOADER = "$(TEST_HOST)";
				GCC_PREPROCESSOR_DEFINITIONS = (
					"DEBUG=1",
					"$(inherited)",
				);
				INFOPLIST_FILE = PlaceAVoteAppTests/Info.plist;
				IPHONEOS_DEPLOYMENT_TARGET = 8.2;
				LD_RUNPATH_SEARCH_PATHS = "$(inherited) @executable_path/Frameworks @loader_path/Frameworks";
				LIBRARY_SEARCH_PATHS = (
					"$(inherited)",
					"\"$(SRCROOT)/$(TARGET_NAME)\"",
				);
				PRODUCT_NAME = "$(TARGET_NAME)";
				TEST_HOST = "$(BUILT_PRODUCTS_DIR)/PlaceAVoteApp.app/PlaceAVoteApp";
			};
			name = Debug;
		};
		00E356F71AD99517003FC87E /* Release */ = {
			isa = XCBuildConfiguration;
			baseConfigurationReference = 315FD137F022C086FDED64A2 /* Pods-PlaceAVoteAppTests.release.xcconfig */;
			buildSettings = {
				BUNDLE_LOADER = "$(TEST_HOST)";
				COPY_PHASE_STRIP = NO;
				INFOPLIST_FILE = PlaceAVoteAppTests/Info.plist;
				IPHONEOS_DEPLOYMENT_TARGET = 8.2;
				LD_RUNPATH_SEARCH_PATHS = "$(inherited) @executable_path/Frameworks @loader_path/Frameworks";
				LIBRARY_SEARCH_PATHS = (
					"$(inherited)",
					"\"$(SRCROOT)/$(TARGET_NAME)\"",
				);
				PRODUCT_NAME = "$(TARGET_NAME)";
				TEST_HOST = "$(BUILT_PRODUCTS_DIR)/PlaceAVoteApp.app/PlaceAVoteApp";
			};
			name = Release;
		};
		13B07F941A680F5B00A75B9A /* Debug */ = {
			isa = XCBuildConfiguration;
			baseConfigurationReference = B9FECE67225A24EA89C2EAAA /* Pods-PlaceAVoteApp.debug.xcconfig */;
			buildSettings = {
				ASSETCATALOG_COMPILER_APPICON_NAME = AppIcon;
				DEAD_CODE_STRIPPING = NO;
				FRAMEWORK_SEARCH_PATHS = (
					"$(inherited)",
					"$(PROJECT_DIR)",
				);
				HEADER_SEARCH_PATHS = (
					"$(inherited)",
					/Applications/Xcode.app/Contents/Developer/Toolchains/XcodeDefault.xctoolchain/usr/include,
					"$(SRCROOT)/../node_modules/react-native/React/**",
					"$(SRCROOT)/../node_modules/react-native-fbsdk/iOS/RCTFBSDK/**",
				);
				INFOPLIST_FILE = PlaceAVoteApp/Info.plist;
				LD_RUNPATH_SEARCH_PATHS = "$(inherited) @executable_path/Frameworks";
				OTHER_LDFLAGS = (
					"-ObjC",
					"$(inherited)",
					"-lc++",
				);
				PRODUCT_NAME = PlaceAVoteApp;
			};
			name = Debug;
		};
		13B07F951A680F5B00A75B9A /* Release */ = {
			isa = XCBuildConfiguration;
			baseConfigurationReference = C54694974337F2BEE8E9A2D6 /* Pods-PlaceAVoteApp.release.xcconfig */;
			buildSettings = {
				ASSETCATALOG_COMPILER_APPICON_NAME = AppIcon;
				FRAMEWORK_SEARCH_PATHS = (
					"$(inherited)",
					"$(PROJECT_DIR)",
				);
				HEADER_SEARCH_PATHS = (
					"$(inherited)",
					/Applications/Xcode.app/Contents/Developer/Toolchains/XcodeDefault.xctoolchain/usr/include,
					"$(SRCROOT)/../node_modules/react-native/React/**",
					"$(SRCROOT)/../node_modules/react-native-fbsdk/iOS/RCTFBSDK/**",
				);
				INFOPLIST_FILE = PlaceAVoteApp/Info.plist;
				LD_RUNPATH_SEARCH_PATHS = "$(inherited) @executable_path/Frameworks";
				OTHER_LDFLAGS = (
					"-ObjC",
					"$(inherited)",
					"-lc++",
				);
				PRODUCT_NAME = PlaceAVoteApp;
			};
			name = Release;
		};
		83CBBA201A601CBA00E9B192 /* Debug */ = {
			isa = XCBuildConfiguration;
			buildSettings = {
				ALWAYS_SEARCH_USER_PATHS = NO;
				CLANG_CXX_LANGUAGE_STANDARD = "gnu++0x";
				CLANG_CXX_LIBRARY = "libc++";
				CLANG_ENABLE_MODULES = YES;
				CLANG_ENABLE_OBJC_ARC = YES;
				CLANG_WARN_BOOL_CONVERSION = YES;
				CLANG_WARN_CONSTANT_CONVERSION = YES;
				CLANG_WARN_DIRECT_OBJC_ISA_USAGE = YES_ERROR;
				CLANG_WARN_EMPTY_BODY = YES;
				CLANG_WARN_ENUM_CONVERSION = YES;
				CLANG_WARN_INT_CONVERSION = YES;
				CLANG_WARN_OBJC_ROOT_CLASS = YES_ERROR;
				CLANG_WARN_UNREACHABLE_CODE = YES;
				CLANG_WARN__DUPLICATE_METHOD_MATCH = YES;
				"CODE_SIGN_IDENTITY[sdk=iphoneos*]" = "iPhone Developer";
				COPY_PHASE_STRIP = NO;
				ENABLE_STRICT_OBJC_MSGSEND = YES;
				GCC_C_LANGUAGE_STANDARD = gnu99;
				GCC_DYNAMIC_NO_PIC = NO;
				GCC_OPTIMIZATION_LEVEL = 0;
				GCC_PREPROCESSOR_DEFINITIONS = (
					"DEBUG=1",
					"$(inherited)",
				);
				GCC_SYMBOLS_PRIVATE_EXTERN = NO;
				GCC_WARN_64_TO_32_BIT_CONVERSION = YES;
				GCC_WARN_ABOUT_RETURN_TYPE = YES_ERROR;
				GCC_WARN_UNDECLARED_SELECTOR = YES;
				GCC_WARN_UNINITIALIZED_AUTOS = YES_AGGRESSIVE;
				GCC_WARN_UNUSED_FUNCTION = YES;
				GCC_WARN_UNUSED_VARIABLE = YES;
				HEADER_SEARCH_PATHS = (
					"$(inherited)",
					/Applications/Xcode.app/Contents/Developer/Toolchains/XcodeDefault.xctoolchain/usr/include,
					"$(SRCROOT)/../node_modules/react-native/React/**",
					"$(SRCROOT)/../node_modules/react-native-fbsdk/iOS/RCTFBSDK/**",
				);
				IPHONEOS_DEPLOYMENT_TARGET = 7.0;
				MTL_ENABLE_DEBUG_INFO = YES;
				ONLY_ACTIVE_ARCH = YES;
				SDKROOT = iphoneos;
			};
			name = Debug;
		};
		83CBBA211A601CBA00E9B192 /* Release */ = {
			isa = XCBuildConfiguration;
			buildSettings = {
				ALWAYS_SEARCH_USER_PATHS = NO;
				CLANG_CXX_LANGUAGE_STANDARD = "gnu++0x";
				CLANG_CXX_LIBRARY = "libc++";
				CLANG_ENABLE_MODULES = YES;
				CLANG_ENABLE_OBJC_ARC = YES;
				CLANG_WARN_BOOL_CONVERSION = YES;
				CLANG_WARN_CONSTANT_CONVERSION = YES;
				CLANG_WARN_DIRECT_OBJC_ISA_USAGE = YES_ERROR;
				CLANG_WARN_EMPTY_BODY = YES;
				CLANG_WARN_ENUM_CONVERSION = YES;
				CLANG_WARN_INT_CONVERSION = YES;
				CLANG_WARN_OBJC_ROOT_CLASS = YES_ERROR;
				CLANG_WARN_UNREACHABLE_CODE = YES;
				CLANG_WARN__DUPLICATE_METHOD_MATCH = YES;
				"CODE_SIGN_IDENTITY[sdk=iphoneos*]" = "iPhone Developer";
				COPY_PHASE_STRIP = YES;
				ENABLE_NS_ASSERTIONS = NO;
				ENABLE_STRICT_OBJC_MSGSEND = YES;
				GCC_C_LANGUAGE_STANDARD = gnu99;
				GCC_WARN_64_TO_32_BIT_CONVERSION = YES;
				GCC_WARN_ABOUT_RETURN_TYPE = YES_ERROR;
				GCC_WARN_UNDECLARED_SELECTOR = YES;
				GCC_WARN_UNINITIALIZED_AUTOS = YES_AGGRESSIVE;
				GCC_WARN_UNUSED_FUNCTION = YES;
				GCC_WARN_UNUSED_VARIABLE = YES;
				HEADER_SEARCH_PATHS = (
					"$(inherited)",
					/Applications/Xcode.app/Contents/Developer/Toolchains/XcodeDefault.xctoolchain/usr/include,
					"$(SRCROOT)/../node_modules/react-native/React/**",
					"$(SRCROOT)/../node_modules/react-native-fbsdk/iOS/RCTFBSDK/**",
				);
				IPHONEOS_DEPLOYMENT_TARGET = 7.0;
				MTL_ENABLE_DEBUG_INFO = NO;
				SDKROOT = iphoneos;
				VALIDATE_PRODUCT = YES;
			};
			name = Release;
		};
/* End XCBuildConfiguration section */

/* Begin XCConfigurationList section */
		00E357021AD99517003FC87E /* Build configuration list for PBXNativeTarget "PlaceAVoteAppTests" */ = {
			isa = XCConfigurationList;
			buildConfigurations = (
				00E356F61AD99517003FC87E /* Debug */,
				00E356F71AD99517003FC87E /* Release */,
			);
			defaultConfigurationIsVisible = 0;
			defaultConfigurationName = Release;
		};
		13B07F931A680F5B00A75B9A /* Build configuration list for PBXNativeTarget "PlaceAVoteApp" */ = {
			isa = XCConfigurationList;
			buildConfigurations = (
				13B07F941A680F5B00A75B9A /* Debug */,
				13B07F951A680F5B00A75B9A /* Release */,
			);
			defaultConfigurationIsVisible = 0;
			defaultConfigurationName = Release;
		};
		83CBB9FA1A601CBA00E9B192 /* Build configuration list for PBXProject "PlaceAVoteApp" */ = {
			isa = XCConfigurationList;
			buildConfigurations = (
				83CBBA201A601CBA00E9B192 /* Debug */,
				83CBBA211A601CBA00E9B192 /* Release */,
			);
			defaultConfigurationIsVisible = 0;
			defaultConfigurationName = Release;
		};
/* End XCConfigurationList section */
	};
	rootObject = 83CBB9F71A601CBA00E9B192 /* Project object */;
}
