PODS:
  - BVLinearGradient (1.5.9):
    - React
  - React (0.26.3):
    - React/Core (= 0.26.3)
  - React/ART (0.26.3):
    - React/Core
  - React/Core (0.26.3)
  - React/RCTActionSheet (0.26.3):
    - React/Core
  - React/RCTGeolocation (0.26.3):
    - React/Core
  - React/RCTImage (0.26.3):
    - React/Core
    - React/RCTNetwork
  - React/RCTLinkingIOS (0.26.3):
    - React/Core
  - React/RCTNetwork (0.26.3):
    - React/Core
  - React/RCTSettings (0.26.3):
    - React/Core
  - React/RCTText (0.26.3):
    - React/Core
  - React/RCTVibration (0.26.3):
    - React/Core
  - React/RCTWebSocket (0.26.3):
    - React/Core
  - RNVectorIcons (2.0.3):
    - React

DEPENDENCIES:
  - BVLinearGradient (from `../node_modules/react-native-linear-gradient`)
  - React/ART (from `../node_modules/react-native`)
  - React/Core (from `../node_modules/react-native`)
  - React/RCTActionSheet (from `../node_modules/react-native`)
  - React/RCTGeolocation (from `../node_modules/react-native`)
  - React/RCTImage (from `../node_modules/react-native`)
  - React/RCTLinkingIOS (from `../node_modules/react-native`)
  - React/RCTNetwork (from `../node_modules/react-native`)
  - React/RCTSettings (from `../node_modules/react-native`)
  - React/RCTText (from `../node_modules/react-native`)
  - React/RCTVibration (from `../node_modules/react-native`)
  - React/RCTWebSocket (from `../node_modules/react-native`)
  - RNVectorIcons (from `../node_modules/react-native-vector-icons`)

EXTERNAL SOURCES:
  BVLinearGradient:
    :path: "../node_modules/react-native-linear-gradient"
  React:
    :path: "../node_modules/react-native"
  RNVectorIcons:
    :path: "../node_modules/react-native-vector-icons"

SPEC CHECKSUMS:
  BVLinearGradient: 7a172f873db07e8b3e03ab121c4bd6c115a02555
  React: 82b64b37b7ad5895b902b33bc7d5a49dbc22793e
  RNVectorIcons: 39a5d8b29e83a462cd8d16185144d308edc9273f

PODFILE CHECKSUM: 15d98c5aab6234e45e21fb041b9375d3969c8f28

COCOAPODS: 1.0.0
